# THIS IS AN AUTOGENERATED FILE. DO NOT EDIT THIS FILE DIRECTLY.
# yarn lockfile v1


async@^1.4.0:
  version "1.5.2"
  resolved "https://registry.yarnpkg.com/async/-/async-1.5.2.tgz#ec6a61ae56480c0c3cb241c95618e20892f9672a"
  integrity sha1-7GphrlZIDAw8skHJVhjiCJL5Zyo=

async@latest:
  version "3.2.0"
  resolved "https://registry.yarnpkg.com/async/-/async-3.2.0.tgz#b3a2685c5ebb641d3de02d161002c60fc9f85720"
  integrity sha512-TR2mEZFVOj2pLStYxLht7TyfuRzaydfpxr3k9RpHIzMgw7A64dzsdqCxH1WJyQdoe8T10nDXd9wnEigmiuHIZw==

async@~0.2.6:
  version "0.2.10"
  resolved "https://registry.yarnpkg.com/async/-/async-0.2.10.tgz#b6bbe0b0674b9d719708ca38de8c237cb526c3d1"
  integrity sha1-trvgsGdLnXGXCMo43owjfLUmw9E=

easy-zip@~0.0.4:
  version "0.0.4"
  resolved "https://registry.yarnpkg.com/easy-zip/-/easy-zip-0.0.4.tgz#b2da37d6750221860aaef0168de912ebfe957d93"
  integrity sha1-sto31nUCIYYKrvAWjekS6/6VfZM=
  dependencies:
    async latest

fs-extra@~0.5.0:
  version "0.5.0"
  resolved "https://registry.yarnpkg.com/fs-extra/-/fs-extra-0.5.0.tgz#34646dc62c97fa13b1024946bf4174e8c0f05ca4"
  integrity sha1-NGRtxiyX+hOxAklGv0F06MDwXKQ=
  dependencies:
    jsonfile "0.0.x"
    mkdirp "0.3.x"
    ncp "0.2.x"
    rimraf "~2.1.2"

graceful-fs@~1:
  version "1.2.3"
  resolved "https://registry.yarnpkg.com/graceful-fs/-/graceful-fs-1.2.3.tgz#15a4806a57547cb2d2dbf27f42e89a8c3451b364"
  integrity sha1-FaSAaldUfLLS2/J/QuiajDRRs2Q=

jsonfile@0.0.x:
  version "0.0.1"
  resolved "https://registry.yarnpkg.com/jsonfile/-/jsonfile-0.0.1.tgz#b5f9f515121b2844f2cbfe14338b55c79800e1d8"
  integrity sha1-tfn1FRIbKETyy/4UM4tVx5gA4dg=

jszip@^2.5.0:
  version "2.6.1"
  resolved "https://registry.yarnpkg.com/jszip/-/jszip-2.6.1.tgz#b88f3a7b2e67a2a048152982c7a3756d9c4828f0"
  integrity sha1-uI86ey5noqBIFSmCx6N1bZxIKPA=
  dependencies:
    pako "~1.0.2"

lodash@^3.10.0, lodash@^3.5.0:
  version "3.10.1"
  resolved "https://registry.yarnpkg.com/lodash/-/lodash-3.10.1.tgz#5bf45e8e49ba4189e17d482789dfd15bd140b7b6"
  integrity sha1-W/Rejkm6QYnhfUgnid/RW9FAt7Y=

lodash@^4.17.15:
  version "4.17.20"
  resolved "https://registry.yarnpkg.com/lodash/-/lodash-4.17.20.tgz#b44a9b6297bcb698f1c51a3545a2b3b368d59c52"
  integrity sha512-PlhdFcillOINfeV7Ni6oF1TAEayyZBoZ8bcshTHqOYJYlrqzRK5hagpagky5o4HfCzzd1TRkXPMFq6cKk9rGmA==

mkdirp@0.3.x:
  version "0.3.5"
  resolved "https://registry.yarnpkg.com/mkdirp/-/mkdirp-0.3.5.tgz#de3e5f8961c88c787ee1368df849ac4413eca8d7"
  integrity sha1-3j5fiWHIjHh+4TaN+EmsRBPsqNc=

msexcel-builder@0.0.2:
  version "0.0.2"
  resolved "https://registry.yarnpkg.com/msexcel-builder/-/msexcel-builder-0.0.2.tgz#dec552f0fb6f3bf368e5bd32bd926535677b03d0"
  integrity sha1-3sVS8PtvO/No5b0yvZJlNWd7A9A=
  dependencies:
    async "~0.2.6"
    easy-zip "~0.0.4"
    fs-extra "~0.5.0"
    xmlbuilder ">=0.4.2"

ncp@0.2.x:
  version "0.2.7"
  resolved "https://registry.yarnpkg.com/ncp/-/ncp-0.2.7.tgz#46fac2b7dda2560a4cb7e628677bd5f64eac5be1"
  integrity sha1-RvrCt92iVgpMt+YoZ3vV9k6sW+E=

pako@~1.0.2:
  version "1.0.11"
  resolved "https://registry.yarnpkg.com/pako/-/pako-1.0.11.tgz#6c9599d340d54dfd3946380252a35705a6b992bf"
  integrity sha512-4hLB8Py4zZce5s4yd9XzopqwVv/yGNhV1Bl8NTmCq1763HeK2+EwVTv+leGeL13Dnh2wfbqowVPXCIO0z4taYw==

"query@git://github.com/protobi/query.git":
  version "0.3.2"
  resolved "git://github.com/protobi/query.git#4c21bf5d75c6222bd45435d4491bd1c52cb6c243"
  dependencies:
    lodash "^4.17.15"

rimraf@~2.1.2:
  version "2.1.4"
  resolved "https://registry.yarnpkg.com/rimraf/-/rimraf-2.1.4.tgz#5a6eb62eeda068f51ede50f29b3e5cd22f3d9bb2"
  integrity sha1-Wm62Lu2gaPUe3lDymz5c0i89m7I=
  optionalDependencies:
    graceful-fs "~1"

sax@>=0.6.0:
  version "1.2.4"
  resolved "https://registry.yarnpkg.com/sax/-/sax-1.2.4.tgz#2816234e2378bddc4e5354fab5caa895df7100d9"
  integrity sha512-NqVDv9TpANUjFm0N8uM5GxL36UgKi9/atZw+x7YFnQ8ckwFGKrl4xX4yWtrey3UJm5nP1kUbnYgLopqWNSRhWw==

xml2js@^0.4.9:
  version "0.4.23"
  resolved "https://registry.yarnpkg.com/xml2js/-/xml2js-0.4.23.tgz#a0c69516752421eb2ac758ee4d4ccf58843eac66"
  integrity sha512-ySPiMjM0+pLDftHgXY4By0uswI3SPKLDw/i3UXbnO8M/p28zqexCUoPmQFrYD+/1BzhGJSs2i1ERWKJAtiLrug==
  dependencies:
    sax ">=0.6.0"
    xmlbuilder "~11.0.0"

xmlbuilder@>=0.4.2:
  version "15.1.1"
  resolved "https://registry.yarnpkg.com/xmlbuilder/-/xmlbuilder-15.1.1.tgz#9dcdce49eea66d8d10b42cae94a79c3c8d0c2ec5"
  integrity sha512-yMqGBqtXyeN1e3TGYvgNgDVZ3j84W4cwkOXQswghol6APgZWaff9lnbvN7MHYJOiXsvGPXtjTYJEiC9J2wv9Eg==

xmlbuilder@^2.6.4:
  version "2.6.5"
  resolved "https://registry.yarnpkg.com/xmlbuilder/-/xmlbuilder-2.6.5.tgz#6ff7ad60fb72d22764f007a164b77f2bf1400526"
  integrity sha1-b/etYPty0idk8AehZLd/K/FABSY=
  dependencies:
    lodash "^3.5.0"

xmlbuilder@~11.0.0:
  version "11.0.1"
  resolved "https://registry.yarnpkg.com/xmlbuilder/-/xmlbuilder-11.0.1.tgz#be9bae1c8a046e76b31127726347d0ad7002beb3"
  integrity sha512-fDlsI/kFEx7gLvbecc0/ohLG50fugQp8ryHzMTuW9vSa1GJ0XYWKnhsUx7oie3G98+r56aTQIUB4kht42R3JvA==
